PODS:
  - Rebar (2.2.3)
  - SnapKit (5.0.1)

DEPENDENCIES:
  - Rebar
  - SnapKit

SPEC REPOS:
  trunk:
    - Rebar
    - SnapKit

SPEC CHECKSUMS:
  Rebar: 260ca897f2fe864a359ec5d31abe5e752da5d21f
  SnapKit: 97b92857e3df3a0c71833cce143274bf6ef8e5eb

PODFILE CHECKSUM: 6c6da6c6d1205d0b5c7b3fe4edc55dbd9c629da7

COCOAPODS: 1.10.0
