PODS:
  - Rebar (3.0.0)
  - SnapKit (5.0.1)

DEPENDENCIES:
  - Rebar (from `https://github.com/dbagwell/Rebar`)
  - SnapKit

SPEC REPOS:
  trunk:
    - SnapKit

EXTERNAL SOURCES:
  Rebar:
    :git: https://github.com/dbagwell/Rebar

CHECKOUT OPTIONS:
  Rebar:
    :commit: 8b5bcab811999561def2702486fdefcf2d16e89f
    :git: https://github.com/dbagwell/Rebar

SPEC CHECKSUMS:
  Rebar: 9c22cecf59873136af16dff474fa34c7c91e57de
  SnapKit: 97b92857e3df3a0c71833cce143274bf6ef8e5eb

PODFILE CHECKSUM: 682fc006b9061ade0b8dcf5bc8a08c0fab661a4c

COCOAPODS: 1.15.2
